
Microsoft Visual Studio Solution File, Format Version 12.00
# Visual Studio 15
VisualStudioVersion = 15.0.28307.438
MinimumVisualStudioVersion = 10.0.40219.1
Project("{8BC9CEB8-8B4A-11D0-8D11-00A0C91BC942}") = "NetChannel", "NetChannel\NetChannel\NetChannel.vcxproj", "{B45D1F6C-ACBB-44D4-81CB-3122A91EB510}"
EndProject
Project("{8BC9CEB8-8B4A-11D0-8D11-00A0C91BC942}") = "IRC_Client", "IRC_Client\IRC_Client.vcxproj", "{EAD4B4DC-FE6A-4A06-B555-13819DCFC97B}"
EndProject
Project("{8BC9CEB8-8B4A-11D0-8D11-00A0C91BC942}") = "IRC_Server", "IRC_Server\IRC_Server.vcxproj", "{1E63A631-AE0E-4D3E-9F3F-93EC3CD963B0}"
EndProject
Global
	GlobalSection(SolutionConfigurationPlatforms) = preSolution
		Debug|x64 = Debug|x64
		Debug|x86 = Debug|x86
		Release|x64 = Release|x64
		Release|x86 = Release|x86
	EndGlobalSection
	GlobalSection(ProjectConfigurationPlatforms) = postSolution
		{B45D1F6C-ACBB-44D4-81CB-3122A91EB510}.Debug|x64.ActiveCfg = Debug|x64
		{B45D1F6C-ACBB-44D4-81CB-3122A91EB510}.Debug|x64.Build.0 = Debug|x64
		{B45D1F6C-ACBB-44D4-81CB-3122A91EB510}.Debug|x86.ActiveCfg = Debug|Win32
		{B45D1F6C-ACBB-44D4-81CB-3122A91EB510}.Debug|x86.Build.0 = Debug|Win32
		{B45D1F6C-ACBB-44D4-81CB-3122A91EB510}.Release|x64.ActiveCfg = Release|x64
		{B45D1F6C-ACBB-44D4-81CB-3122A91EB510}.Release|x64.Build.0 = Release|x64
		{B45D1F6C-ACBB-44D4-81CB-3122A91EB510}.Release|x86.ActiveCfg = Release|Win32
		{B45D1F6C-ACBB-44D4-81CB-3122A91EB510}.Release|x86.Build.0 = Release|Win32
		{EAD4B4DC-FE6A-4A06-B555-13819DCFC97B}.Debug|x64.ActiveCfg = Debug|x64
		{EAD4B4DC-FE6A-4A06-B555-13819DCFC97B}.Debug|x64.Build.0 = Debug|x64
		{EAD4B4DC-FE6A-4A06-B555-13819DCFC97B}.Debug|x86.ActiveCfg = Debug|Win32
		{EAD4B4DC-FE6A-4A06-B555-13819DCFC97B}.Debug|x86.Build.0 = Debug|Win32
		{EAD4B4DC-FE6A-4A06-B555-13819DCFC97B}.Release|x64.ActiveCfg = Release|x64
		{EAD4B4DC-FE6A-4A06-B555-13819DCFC97B}.Release|x64.Build.0 = Release|x64
		{EAD4B4DC-FE6A-4A06-B555-13819DCFC97B}.Release|x86.ActiveCfg = Release|Win32
		{EAD4B4DC-FE6A-4A06-B555-13819DCFC97B}.Release|x86.Build.0 = Release|Win32
		{1E63A631-AE0E-4D3E-9F3F-93EC3CD963B0}.Debug|x64.ActiveCfg = Debug|x64
		{1E63A631-AE0E-4D3E-9F3F-93EC3CD963B0}.Debug|x64.Build.0 = Debug|x64
		{1E63A631-AE0E-4D3E-9F3F-93EC3CD963B0}.Debug|x86.ActiveCfg = Debug|Win32
		{1E63A631-AE0E-4D3E-9F3F-93EC3CD963B0}.Debug|x86.Build.0 = Debug|Win32
		{1E63A631-AE0E-4D3E-9F3F-93EC3CD963B0}.Release|x64.ActiveCfg = Release|x64
		{1E63A631-AE0E-4D3E-9F3F-93EC3CD963B0}.Release|x64.Build.0 = Release|x64
		{1E63A631-AE0E-4D3E-9F3F-93EC3CD963B0}.Release|x86.ActiveCfg = Release|Win32
		{1E63A631-AE0E-4D3E-9F3F-93EC3CD963B0}.Release|x86.Build.0 = Release|Win32
	EndGlobalSection
	GlobalSection(SolutionProperties) = preSolution
		HideSolutionNode = FALSE
	EndGlobalSection
	GlobalSection(ExtensibilityGlobals) = postSolution
		SolutionGuid = {7488A26D-37E3-4AEA-8269-4A159D03DB36}
	EndGlobalSection
EndGlobal
